// !$*UTF8*$!
{
	archiveVersion = 1;
	classes = {
	};
	objectVersion = 56;
	objects = {

/* Begin PBXBuildFile section */
		4740701C28D6B3D800664EEE /* UI_671App.swift in Sources */ = {isa = PBXBuildFile; fileRef = 4740701B28D6B3D800664EEE /* UI_671App.swift */; };
		4740701E28D6B3D800664EEE /* ContentView.swift in Sources */ = {isa = PBXBuildFile; fileRef = 4740701D28D6B3D800664EEE /* ContentView.swift */; };
		4740702028D6B3D900664EEE /* Assets.xcassets in Resources */ = {isa = PBXBuildFile; fileRef = 4740701F28D6B3D900664EEE /* Assets.xcassets */; };
		4740702328D6B3D900664EEE /* Preview Assets.xcassets in Resources */ = {isa = PBXBuildFile; fileRef = 4740702228D6B3D900664EEE /* Preview Assets.xcassets */; };
		4740702D28D6B3D900664EEE /* UI_671Tests.swift in Sources */ = {isa = PBXBuildFile; fileRef = 4740702C28D6B3D900664EEE /* UI_671Tests.swift */; };
		4740703728D6B3D900664EEE /* UI_671UITests.swift in Sources */ = {isa = PBXBuildFile; fileRef = 4740703628D6B3D900664EEE /* UI_671UITests.swift */; };
		4740703928D6B3D900664EEE /* UI_671UITestsLaunchTests.swift in Sources */ = {isa = PBXBuildFile; fileRef = 4740703828D6B3D900664EEE /* UI_671UITestsLaunchTests.swift */; };
		4740704828D6B3F100664EEE /* MilkShake.swift in Sources */ = {isa = PBXBuildFile; fileRef = 4740704628D6B3F100664EEE /* MilkShake.swift */; };
		4740704928D6B3F100664EEE /* Tab.swift in Sources */ = {isa = PBXBuildFile; fileRef = 4740704728D6B3F100664EEE /* Tab.swift */; };
		4740704C28D6B40D00664EEE /* Home.swift in Sources */ = {isa = PBXBuildFile; fileRef = 4740704B28D6B40D00664EEE /* Home.swift */; };
		4740704E28D6B7C200664EEE /* CustomCrousel.swift in Sources */ = {isa = PBXBuildFile; fileRef = 4740704D28D6B7C200664EEE /* CustomCrousel.swift */; };
		4740705028D6BE4000664EEE /* CustomShape.swift in Sources */ = {isa = PBXBuildFile; fileRef = 4740704F28D6BE4000664EEE /* CustomShape.swift */; };
/* End PBXBuildFile section */

/* Begin PBXContainerItemProxy section */
		4740702928D6B3D900664EEE /* PBXContainerItemProxy */ = {
			isa = PBXContainerItemProxy;
			containerPortal = 4740701028D6B3D800664EEE /* Project object */;
			proxyType = 1;
			remoteGlobalIDString = 4740701728D6B3D800664EEE;
			remoteInfo = "UI-671";
		};
		4740703328D6B3D900664EEE /* PBXContainerItemProxy */ = {
			isa = PBXContainerItemProxy;
			containerPortal = 4740701028D6B3D800664EEE /* Project object */;
			proxyType = 1;
			remoteGlobalIDString = 4740701728D6B3D800664EEE;
			remoteInfo = "UI-671";
		};
/* End PBXContainerItemProxy section */

/* Begin PBXFileReference section */
		4740701828D6B3D800664EEE /* UI-671.app */ = {isa = PBXFileReference; explicitFileType = wrapper.application; includeInIndex = 0; path = "UI-671.app"; sourceTree = BUILT_PRODUCTS_DIR; };
		4740701B28D6B3D800664EEE /* UI_671App.swift */ = {isa = PBXFileReference; lastKnownFileType = sourcecode.swift; path = UI_671App.swift; sourceTree = "<group>"; };
		4740701D28D6B3D800664EEE /* ContentView.swift */ = {isa = PBXFileReference; lastKnownFileType = sourcecode.swift; path = ContentView.swift; sourceTree = "<group>"; };
		4740701F28D6B3D900664EEE /* Assets.xcassets */ = {isa = PBXFileReference; lastKnownFileType = folder.assetcatalog; path = Assets.xcassets; sourceTree = "<group>"; };
		4740702228D6B3D900664EEE /* Preview Assets.xcassets */ = {isa = PBXFileReference; lastKnownFileType = folder.assetcatalog; path = "Preview Assets.xcassets"; sourceTree = "<group>"; };
		4740702828D6B3D900664EEE /* UI-671Tests.xctest */ = {isa = PBXFileReference; explicitFileType = wrapper.cfbundle; includeInIndex = 0; path = "UI-671Tests.xctest"; sourceTree = BUILT_PRODUCTS_DIR; };
		4740702C28D6B3D900664EEE /* UI_671Tests.swift */ = {isa = PBXFileReference; lastKnownFileType = sourcecode.swift; path = UI_671Tests.swift; sourceTree = "<group>"; };
		4740703228D6B3D900664EEE /* UI-671UITests.xctest */ = {isa = PBXFileReference; explicitFileType = wrapper.cfbundle; includeInIndex = 0; path = "UI-671UITests.xctest"; sourceTree = BUILT_PRODUCTS_DIR; };
		4740703628D6B3D900664EEE /* UI_671UITests.swift */ = {isa = PBXFileReference; lastKnownFileType = sourcecode.swift; path = UI_671UITests.swift; sourceTree = "<group>"; };
		4740703828D6B3D900664EEE /* UI_671UITestsLaunchTests.swift */ = {isa = PBXFileReference; lastKnownFileType = sourcecode.swift; path = UI_671UITestsLaunchTests.swift; sourceTree = "<group>"; };
		4740704628D6B3F100664EEE /* MilkShake.swift */ = {isa = PBXFileReference; fileEncoding = 4; lastKnownFileType = sourcecode.swift; path = MilkShake.swift; sourceTree = "<group>"; };
		4740704728D6B3F100664EEE /* Tab.swift */ = {isa = PBXFileReference; fileEncoding = 4; lastKnownFileType = sourcecode.swift; path = Tab.swift; sourceTree = "<group>"; };
		4740704B28D6B40D00664EEE /* Home.swift */ = {isa = PBXFileReference; lastKnownFileType = sourcecode.swift; path = Home.swift; sourceTree = "<group>"; };
		4740704D28D6B7C200664EEE /* CustomCrousel.swift */ = {isa = PBXFileReference; fileEncoding = 4; lastKnownFileType = sourcecode.swift; path = CustomCrousel.swift; sourceTree = "<group>"; };
		4740704F28D6BE4000664EEE /* CustomShape.swift */ = {isa = PBXFileReference; lastKnownFileType = sourcecode.swift; path = CustomShape.swift; sourceTree = "<group>"; };
/* End PBXFileReference section */

/* Begin PBXFrameworksBuildPhase section */
		4740701528D6B3D800664EEE /* Frameworks */ = {
			isa = PBXFrameworksBuildPhase;
			buildActionMask = 2147483647;
			files = (
			);
			runOnlyForDeploymentPostprocessing = 0;
		};
		4740702528D6B3D900664EEE /* Frameworks */ = {
			isa = PBXFrameworksBuildPhase;
			buildActionMask = 2147483647;
			files = (
			);
			runOnlyForDeploymentPostprocessing = 0;
		};
		4740702F28D6B3D900664EEE /* Frameworks */ = {
			isa = PBXFrameworksBuildPhase;
			buildActionMask = 2147483647;
			files = (
			);
			runOnlyForDeploymentPostprocessing = 0;
		};
/* End PBXFrameworksBuildPhase section */

/* Begin PBXGroup section */
		4740700F28D6B3D800664EEE = {
			isa = PBXGroup;
			children = (
				4740701A28D6B3D800664EEE /* UI-671 */,
				4740702B28D6B3D900664EEE /* UI-671Tests */,
				4740703528D6B3D900664EEE /* UI-671UITests */,
				4740701928D6B3D800664EEE /* Products */,
			);
			sourceTree = "<group>";
		};
		4740701928D6B3D800664EEE /* Products */ = {
			isa = PBXGroup;
			children = (
				4740701828D6B3D800664EEE /* UI-671.app */,
				4740702828D6B3D900664EEE /* UI-671Tests.xctest */,
				4740703228D6B3D900664EEE /* UI-671UITests.xctest */,
			);
			name = Products;
			sourceTree = "<group>";
		};
		4740701A28D6B3D800664EEE /* UI-671 */ = {
			isa = PBXGroup;
			children = (
				4740704A28D6B40200664EEE /* View */,
				4740704528D6B3F100664EEE /* Model */,
				4740701B28D6B3D800664EEE /* UI_671App.swift */,
				4740701D28D6B3D800664EEE /* ContentView.swift */,
				4740701F28D6B3D900664EEE /* Assets.xcassets */,
				4740702128D6B3D900664EEE /* Preview Content */,
			);
			path = "UI-671";
			sourceTree = "<group>";
		};
		4740702128D6B3D900664EEE /* Preview Content */ = {
			isa = PBXGroup;
			children = (
				4740702228D6B3D900664EEE /* Preview Assets.xcassets */,
			);
			path = "Preview Content";
			sourceTree = "<group>";
		};
		4740702B28D6B3D900664EEE /* UI-671Tests */ = {
			isa = PBXGroup;
			children = (
				4740702C28D6B3D900664EEE /* UI_671Tests.swift */,
			);
			path = "UI-671Tests";
			sourceTree = "<group>";
		};
		4740703528D6B3D900664EEE /* UI-671UITests */ = {
			isa = PBXGroup;
			children = (
				4740703628D6B3D900664EEE /* UI_671UITests.swift */,
				4740703828D6B3D900664EEE /* UI_671UITestsLaunchTests.swift */,
			);
			path = "UI-671UITests";
			sourceTree = "<group>";
		};
		4740704528D6B3F100664EEE /* Model */ = {
			isa = PBXGroup;
			children = (
				4740704628D6B3F100664EEE /* MilkShake.swift */,
				4740704728D6B3F100664EEE /* Tab.swift */,
			);
			path = Model;
			sourceTree = "<group>";
		};
		4740704A28D6B40200664EEE /* View */ = {
			isa = PBXGroup;
			children = (
				4740704B28D6B40D00664EEE /* Home.swift */,
				4740704D28D6B7C200664EEE /* CustomCrousel.swift */,
				4740704F28D6BE4000664EEE /* CustomShape.swift */,
			);
			path = View;
			sourceTree = "<group>";
		};
/* End PBXGroup section */

/* Begin PBXNativeTarget section */
		4740701728D6B3D800664EEE /* UI-671 */ = {
			isa = PBXNativeTarget;
			buildConfigurationList = 4740703C28D6B3D900664EEE /* Build configuration list for PBXNativeTarget "UI-671" */;
			buildPhases = (
				4740701428D6B3D800664EEE /* Sources */,
				4740701528D6B3D800664EEE /* Frameworks */,
				4740701628D6B3D800664EEE /* Resources */,
			);
			buildRules = (
			);
			dependencies = (
			);
			name = "UI-671";
			productName = "UI-671";
			productReference = 4740701828D6B3D800664EEE /* UI-671.app */;
			productType = "com.apple.product-type.application";
		};
		4740702728D6B3D900664EEE /* UI-671Tests */ = {
			isa = PBXNativeTarget;
			buildConfigurationList = 4740703F28D6B3D900664EEE /* Build configuration list for PBXNativeTarget "UI-671Tests" */;
			buildPhases = (
				4740702428D6B3D900664EEE /* Sources */,
				4740702528D6B3D900664EEE /* Frameworks */,
				4740702628D6B3D900664EEE /* Resources */,
			);
			buildRules = (
			);
			dependencies = (
				4740702A28D6B3D900664EEE /* PBXTargetDependency */,
			);
			name = "UI-671Tests";
			productName = "UI-671Tests";
			productReference = 4740702828D6B3D900664EEE /* UI-671Tests.xctest */;
			productType = "com.apple.product-type.bundle.unit-test";
		};
		4740703128D6B3D900664EEE /* UI-671UITests */ = {
			isa = PBXNativeTarget;
			buildConfigurationList = 4740704228D6B3D900664EEE /* Build configuration list for PBXNativeTarget "UI-671UITests" */;
			buildPhases = (
				4740702E28D6B3D900664EEE /* Sources */,
				4740702F28D6B3D900664EEE /* Frameworks */,
				4740703028D6B3D900664EEE /* Resources */,
			);
			buildRules = (
			);
			dependencies = (
				4740703428D6B3D900664EEE /* PBXTargetDependency */,
			);
			name = "UI-671UITests";
			productName = "UI-671UITests";
			productReference = 4740703228D6B3D900664EEE /* UI-671UITests.xctest */;
			productType = "com.apple.product-type.bundle.ui-testing";
		};
/* End PBXNativeTarget section */

/* Begin PBXProject section */
		4740701028D6B3D800664EEE /* Project object */ = {
			isa = PBXProject;
			attributes = {
				BuildIndependentTargetsInParallel = 1;
				LastSwiftUpdateCheck = 1410;
				LastUpgradeCheck = 1410;
				TargetAttributes = {
					4740701728D6B3D800664EEE = {
						CreatedOnToolsVersion = 14.1;
					};
					4740702728D6B3D900664EEE = {
						CreatedOnToolsVersion = 14.1;
						TestTargetID = 4740701728D6B3D800664EEE;
					};
					4740703128D6B3D900664EEE = {
						CreatedOnToolsVersion = 14.1;
						TestTargetID = 4740701728D6B3D800664EEE;
					};
				};
			};
			buildConfigurationList = 4740701328D6B3D800664EEE /* Build configuration list for PBXProject "UI-671" */;
			compatibilityVersion = "Xcode 14.0";
			developmentRegion = en;
			hasScannedForEncodings = 0;
			knownRegions = (
				en,
				Base,
			);
			mainGroup = 4740700F28D6B3D800664EEE;
			productRefGroup = 4740701928D6B3D800664EEE /* Products */;
			projectDirPath = "";
			projectRoot = "";
			targets = (
				4740701728D6B3D800664EEE /* UI-671 */,
				4740702728D6B3D900664EEE /* UI-671Tests */,
				4740703128D6B3D900664EEE /* UI-671UITests */,
			);
		};
/* End PBXProject section */

/* Begin PBXResourcesBuildPhase section */
		4740701628D6B3D800664EEE /* Resources */ = {
			isa = PBXResourcesBuildPhase;
			buildActionMask = 2147483647;
			files = (
				4740702328D6B3D900664EEE /* Preview Assets.xcassets in Resources */,
				4740702028D6B3D900664EEE /* Assets.xcassets in Resources */,
			);
			runOnlyForDeploymentPostprocessing = 0;
		};
		4740702628D6B3D900664EEE /* Resources */ = {
			isa = PBXResourcesBuildPhase;
			buildActionMask = 2147483647;
			files = (
			);
			runOnlyForDeploymentPostprocessing = 0;
		};
		4740703028D6B3D900664EEE /* Resources */ = {
			isa = PBXResourcesBuildPhase;
			buildActionMask = 2147483647;
			files = (
			);
			runOnlyForDeploymentPostprocessing = 0;
		};
/* End PBXResourcesBuildPhase section */

/* Begin PBXSourcesBuildPhase section */
		4740701428D6B3D800664EEE /* Sources */ = {
			isa = PBXSourcesBuildPhase;
			buildActionMask = 2147483647;
			files = (
				4740701E28D6B3D800664EEE /* ContentView.swift in Sources */,
				4740701C28D6B3D800664EEE /* UI_671App.swift in Sources */,
				4740704C28D6B40D00664EEE /* Home.swift in Sources */,
				4740704828D6B3F100664EEE /* MilkShake.swift in Sources */,
				4740704E28D6B7C200664EEE /* CustomCrousel.swift in Sources */,
				4740705028D6BE4000664EEE /* CustomShape.swift in Sources */,
				4740704928D6B3F100664EEE /* Tab.swift in Sources */,
			);
			runOnlyForDeploymentPostprocessing = 0;
		};
		4740702428D6B3D900664EEE /* Sources */ = {
			isa = PBXSourcesBuildPhase;
			buildActionMask = 2147483647;
			files = (
				4740702D28D6B3D900664EEE /* UI_671Tests.swift in Sources */,
			);
			runOnlyForDeploymentPostprocessing = 0;
		};
		4740702E28D6B3D900664EEE /* Sources */ = {
			isa = PBXSourcesBuildPhase;
			buildActionMask = 2147483647;
			files = (
				4740703728D6B3D900664EEE /* UI_671UITests.swift in Sources */,
				4740703928D6B3D900664EEE /* UI_671UITestsLaunchTests.swift in Sources */,
			);
			runOnlyForDeploymentPostprocessing = 0;
		};
/* End PBXSourcesBuildPhase section */

/* Begin PBXTargetDependency section */
		4740702A28D6B3D900664EEE /* PBXTargetDependency */ = {
			isa = PBXTargetDependency;
			target = 4740701728D6B3D800664EEE /* UI-671 */;
			targetProxy = 4740702928D6B3D900664EEE /* PBXContainerItemProxy */;
		};
		4740703428D6B3D900664EEE /* PBXTargetDependency */ = {
			isa = PBXTargetDependency;
			target = 4740701728D6B3D800664EEE /* UI-671 */;
			targetProxy = 4740703328D6B3D900664EEE /* PBXContainerItemProxy */;
		};
/* End PBXTargetDependency section */

/* Begin XCBuildConfiguration section */
		4740703A28D6B3D900664EEE /* Debug */ = {
			isa = XCBuildConfiguration;
			buildSettings = {
				ALWAYS_SEARCH_USER_PATHS = NO;
				CLANG_ANALYZER_NONNULL = YES;
				CLANG_ANALYZER_NUMBER_OBJECT_CONVERSION = YES_AGGRESSIVE;
				CLANG_CXX_LANGUAGE_STANDARD = "gnu++20";
				CLANG_ENABLE_MODULES = YES;
				CLANG_ENABLE_OBJC_ARC = YES;
				CLANG_ENABLE_OBJC_WEAK = YES;
				CLANG_WARN_BLOCK_CAPTURE_AUTORELEASING = YES;
				CLANG_WARN_BOOL_CONVERSION = YES;
				CLANG_WARN_COMMA = YES;
				CLANG_WARN_CONSTANT_CONVERSION = YES;
				CLANG_WARN_DEPRECATED_OBJC_IMPLEMENTATIONS = YES;
				CLANG_WARN_DIRECT_OBJC_ISA_USAGE = YES_ERROR;
				CLANG_WARN_DOCUMENTATION_COMMENTS = YES;
				CLANG_WARN_EMPTY_BODY = YES;
				CLANG_WARN_ENUM_CONVERSION = YES;
				CLANG_WARN_INFINITE_RECURSION = YES;
				CLANG_WARN_INT_CONVERSION = YES;
				CLANG_WARN_NON_LITERAL_NULL_CONVERSION = YES;
				CLANG_WARN_OBJC_IMPLICIT_RETAIN_SELF = YES;
				CLANG_WARN_OBJC_LITERAL_CONVERSION = YES;
				CLANG_WARN_OBJC_ROOT_CLASS = YES_ERROR;
				CLANG_WARN_QUOTED_INCLUDE_IN_FRAMEWORK_HEADER = YES;
				CLANG_WARN_RANGE_LOOP_ANALYSIS = YES;
				CLANG_WARN_STRICT_PROTOTYPES = YES;
				CLANG_WARN_SUSPICIOUS_MOVE = YES;
				CLANG_WARN_UNGUARDED_AVAILABILITY = YES_AGGRESSIVE;
				CLANG_WARN_UNREACHABLE_CODE = YES;
				CLANG_WARN__DUPLICATE_METHOD_MATCH = YES;
				COPY_PHASE_STRIP = NO;
				DEBUG_INFORMATION_FORMAT = dwarf;
				ENABLE_STRICT_OBJC_MSGSEND = YES;
				ENABLE_TESTABILITY = YES;
				GCC_C_LANGUAGE_STANDARD = gnu11;
				GCC_DYNAMIC_NO_PIC = NO;
				GCC_NO_COMMON_BLOCKS = YES;
				GCC_OPTIMIZATION_LEVEL = 0;
				GCC_PREPROCESSOR_DEFINITIONS = (
					"DEBUG=1",
					"$(inherited)",
				);
				GCC_WARN_64_TO_32_BIT_CONVERSION = YES;
				GCC_WARN_ABOUT_RETURN_TYPE = YES_ERROR;
				GCC_WARN_UNDECLARED_SELECTOR = YES;
				GCC_WARN_UNINITIALIZED_AUTOS = YES_AGGRESSIVE;
				GCC_WARN_UNUSED_FUNCTION = YES;
				GCC_WARN_UNUSED_VARIABLE = YES;
				IPHONEOS_DEPLOYMENT_TARGET = 16.1;
				MTL_ENABLE_DEBUG_INFO = INCLUDE_SOURCE;
				MTL_FAST_MATH = YES;
				ONLY_ACTIVE_ARCH = YES;
				SDKROOT = iphoneos;
				SWIFT_ACTIVE_COMPILATION_CONDITIONS = DEBUG;
				SWIFT_OPTIMIZATION_LEVEL = "-Onone";
			};
			name = Debug;
		};
		4740703B28D6B3D900664EEE /* Release */ = {
			isa = XCBuildConfiguration;
			buildSettings = {
				ALWAYS_SEARCH_USER_PATHS = NO;
				CLANG_ANALYZER_NONNULL = YES;
				CLANG_ANALYZER_NUMBER_OBJECT_CONVERSION = YES_AGGRESSIVE;
				CLANG_CXX_LANGUAGE_STANDARD = "gnu++20";
				CLANG_ENABLE_MODULES = YES;
				CLANG_ENABLE_OBJC_ARC = YES;
				CLANG_ENABLE_OBJC_WEAK = YES;
				CLANG_WARN_BLOCK_CAPTURE_AUTORELEASING = YES;
				CLANG_WARN_BOOL_CONVERSION = YES;
				CLANG_WARN_COMMA = YES;
				CLANG_WARN_CONSTANT_CONVERSION = YES;
				CLANG_WARN_DEPRECATED_OBJC_IMPLEMENTATIONS = YES;
				CLANG_WARN_DIRECT_OBJC_ISA_USAGE = YES_ERROR;
				CLANG_WARN_DOCUMENTATION_COMMENTS = YES;
				CLANG_WARN_EMPTY_BODY = YES;
				CLANG_WARN_ENUM_CONVERSION = YES;
				CLANG_WARN_INFINITE_RECURSION = YES;
				CLANG_WARN_INT_CONVERSION = YES;
				CLANG_WARN_NON_LITERAL_NULL_CONVERSION = YES;
				CLANG_WARN_OBJC_IMPLICIT_RETAIN_SELF = YES;
				CLANG_WARN_OBJC_LITERAL_CONVERSION = YES;
				CLANG_WARN_OBJC_ROOT_CLASS = YES_ERROR;
				CLANG_WARN_QUOTED_INCLUDE_IN_FRAMEWORK_HEADER = YES;
				CLANG_WARN_RANGE_LOOP_ANALYSIS = YES;
				CLANG_WARN_STRICT_PROTOTYPES = YES;
				CLANG_WARN_SUSPICIOUS_MOVE = YES;
				CLANG_WARN_UNGUARDED_AVAILABILITY = YES_AGGRESSIVE;
				CLANG_WARN_UNREACHABLE_CODE = YES;
				CLANG_WARN__DUPLICATE_METHOD_MATCH = YES;
				COPY_PHASE_STRIP = NO;
				DEBUG_INFORMATION_FORMAT = "dwarf-with-dsym";
				ENABLE_NS_ASSERTIONS = NO;
				ENABLE_STRICT_OBJC_MSGSEND = YES;
				GCC_C_LANGUAGE_STANDARD = gnu11;
				GCC_NO_COMMON_BLOCKS = YES;
				GCC_WARN_64_TO_32_BIT_CONVERSION = YES;
				GCC_WARN_ABOUT_RETURN_TYPE = YES_ERROR;
				GCC_WARN_UNDECLARED_SELECTOR = YES;
				GCC_WARN_UNINITIALIZED_AUTOS = YES_AGGRESSIVE;
				GCC_WARN_UNUSED_FUNCTION = YES;
				GCC_WARN_UNUSED_VARIABLE = YES;
				IPHONEOS_DEPLOYMENT_TARGET = 16.1;
				MTL_ENABLE_DEBUG_INFO = NO;
				MTL_FAST_MATH = YES;
				SDKROOT = iphoneos;
				SWIFT_COMPILATION_MODE = wholemodule;
				SWIFT_OPTIMIZATION_LEVEL = "-O";
				VALIDATE_PRODUCT = YES;
			};
			name = Release;
		};
		4740703D28D6B3D900664EEE /* Debug */ = {
			isa = XCBuildConfiguration;
			buildSettings = {
				ASSETCATALOG_COMPILER_APPICON_NAME = AppIcon;
				ASSETCATALOG_COMPILER_GLOBAL_ACCENT_COLOR_NAME = AccentColor;
				CODE_SIGN_STYLE = Automatic;
				CURRENT_PROJECT_VERSION = 1;
				DEVELOPMENT_ASSET_PATHS = "\"UI-671/Preview Content\"";
				DEVELOPMENT_TEAM = 8CL4U468K5;
				ENABLE_PREVIEWS = YES;
				GENERATE_INFOPLIST_FILE = YES;
				INFOPLIST_KEY_UIApplicationSceneManifest_Generation = YES;
				INFOPLIST_KEY_UIApplicationSupportsIndirectInputEvents = YES;
				INFOPLIST_KEY_UILaunchScreen_Generation = YES;
				INFOPLIST_KEY_UISupportedInterfaceOrientations_iPad = "UIInterfaceOrientationPortrait UIInterfaceOrientationPortraitUpsideDown UIInterfaceOrientationLandscapeLeft UIInterfaceOrientationLandscapeRight";
				INFOPLIST_KEY_UISupportedInterfaceOrientations_iPhone = "UIInterfaceOrientationPortrait UIInterfaceOrientationLandscapeLeft UIInterfaceOrientationLandscapeRight";
				IPHONEOS_DEPLOYMENT_TARGET = 16.0;
				LD_RUNPATH_SEARCH_PATHS = (
					"$(inherited)",
					"@executable_path/Frameworks",
				);
				MARKETING_VERSION = 1.0;
				PRODUCT_BUNDLE_IDENTIFIER = "com.585.UI-671";
				PRODUCT_NAME = "$(TARGET_NAME)";
				SWIFT_EMIT_LOC_STRINGS = YES;
				SWIFT_VERSION = 5.0;
				TARGETED_DEVICE_FAMILY = "1,2";
			};
			name = Debug;
		};
		4740703E28D6B3D900664EEE /* Release */ = {
			isa = XCBuildConfiguration;
			buildSettings = {
				ASSETCATALOG_COMPILER_APPICON_NAME = AppIcon;
				ASSETCATALOG_COMPILER_GLOBAL_ACCENT_COLOR_NAME = AccentColor;
				CODE_SIGN_STYLE = Automatic;
				CURRENT_PROJECT_VERSION = 1;
				DEVELOPMENT_ASSET_PATHS = "\"UI-671/Preview Content\"";
				DEVELOPMENT_TEAM = 8CL4U468K5;
				ENABLE_PREVIEWS = YES;
				GENERATE_INFOPLIST_FILE = YES;
				INFOPLIST_KEY_UIApplicationSceneManifest_Generation = YES;
				INFOPLIST_KEY_UIApplicationSupportsIndirectInputEvents = YES;
				INFOPLIST_KEY_UILaunchScreen_Generation = YES;
				INFOPLIST_KEY_UISupportedInterfaceOrientations_iPad = "UIInterfaceOrientationPortrait UIInterfaceOrientationPortraitUpsideDown UIInterfaceOrientationLandscapeLeft UIInterfaceOrientationLandscapeRight";
				INFOPLIST_KEY_UISupportedInterfaceOrientations_iPhone = "UIInterfaceOrientationPortrait UIInterfaceOrientationLandscapeLeft UIInterfaceOrientationLandscapeRight";
				IPHONEOS_DEPLOYMENT_TARGET = 16.0;
				LD_RUNPATH_SEARCH_PATHS = (
					"$(inherited)",
					"@executable_path/Frameworks",
				);
				MARKETING_VERSION = 1.0;
				PRODUCT_BUNDLE_IDENTIFIER = "com.585.UI-671";
				PRODUCT_NAME = "$(TARGET_NAME)";
				SWIFT_EMIT_LOC_STRINGS = YES;
				SWIFT_VERSION = 5.0;
				TARGETED_DEVICE_FAMILY = "1,2";
			};
			name = Release;
		};
		4740704028D6B3D900664EEE /* Debug */ = {
			isa = XCBuildConfiguration;
			buildSettings = {
				ALWAYS_EMBED_SWIFT_STANDARD_LIBRARIES = YES;
				BUNDLE_LOADER = "$(TEST_HOST)";
				CODE_SIGN_STYLE = Automatic;
				CURRENT_PROJECT_VERSION = 1;
				DEVELOPMENT_TEAM = 8CL4U468K5;
				GENERATE_INFOPLIST_FILE = YES;
				IPHONEOS_DEPLOYMENT_TARGET = 16.1;
				MARKETING_VERSION = 1.0;
				PRODUCT_BUNDLE_IDENTIFIER = "com.585.UI-671Tests";
				PRODUCT_NAME = "$(TARGET_NAME)";
				SWIFT_EMIT_LOC_STRINGS = NO;
				SWIFT_VERSION = 5.0;
				TARGETED_DEVICE_FAMILY = "1,2";
				TEST_HOST = "$(BUILT_PRODUCTS_DIR)/UI-671.app/$(BUNDLE_EXECUTABLE_FOLDER_PATH)/UI-671";
			};
			name = Debug;
		};
		4740704128D6B3D900664EEE /* Release */ = {
			isa = XCBuildConfiguration;
			buildSettings = {
				ALWAYS_EMBED_SWIFT_STANDARD_LIBRARIES = YES;
				BUNDLE_LOADER = "$(TEST_HOST)";
				CODE_SIGN_STYLE = Automatic;
				CURRENT_PROJECT_VERSION = 1;
				DEVELOPMENT_TEAM = 8CL4U468K5;
				GENERATE_INFOPLIST_FILE = YES;
				IPHONEOS_DEPLOYMENT_TARGET = 16.1;
				MARKETING_VERSION = 1.0;
				PRODUCT_BUNDLE_IDENTIFIER = "com.585.UI-671Tests";
				PRODUCT_NAME = "$(TARGET_NAME)";
				SWIFT_EMIT_LOC_STRINGS = NO;
				SWIFT_VERSION = 5.0;
				TARGETED_DEVICE_FAMILY = "1,2";
				TEST_HOST = "$(BUILT_PRODUCTS_DIR)/UI-671.app/$(BUNDLE_EXECUTABLE_FOLDER_PATH)/UI-671";
			};
			name = Release;
		};
		4740704328D6B3D900664EEE /* Debug */ = {
			isa = XCBuildConfiguration;
			buildSettings = {
				ALWAYS_EMBED_SWIFT_STANDARD_LIBRARIES = YES;
				CODE_SIGN_STYLE = Automatic;
				CURRENT_PROJECT_VERSION = 1;
				DEVELOPMENT_TEAM = 8CL4U468K5;
				GENERATE_INFOPLIST_FILE = YES;
				MARKETING_VERSION = 1.0;
				PRODUCT_BUNDLE_IDENTIFIER = "com.585.UI-671UITests";
				PRODUCT_NAME = "$(TARGET_NAME)";
				SWIFT_EMIT_LOC_STRINGS = NO;
				SWIFT_VERSION = 5.0;
				TARGETED_DEVICE_FAMILY = "1,2";
				TEST_TARGET_NAME = "UI-671";
			};
			name = Debug;
		};
		4740704428D6B3D900664EEE /* Release */ = {
			isa = XCBuildConfiguration;
			buildSettings = {
				ALWAYS_EMBED_SWIFT_STANDARD_LIBRARIES = YES;
				CODE_SIGN_STYLE = Automatic;
				CURRENT_PROJECT_VERSION = 1;
				DEVELOPMENT_TEAM = 8CL4U468K5;
				GENERATE_INFOPLIST_FILE = YES;
				MARKETING_VERSION = 1.0;
				PRODUCT_BUNDLE_IDENTIFIER = "com.585.UI-671UITests";
				PRODUCT_NAME = "$(TARGET_NAME)";
				SWIFT_EMIT_LOC_STRINGS = NO;
				SWIFT_VERSION = 5.0;
				TARGETED_DEVICE_FAMILY = "1,2";
				TEST_TARGET_NAME = "UI-671";
			};
			name = Release;
		};
/* End XCBuildConfiguration section */

/* Begin XCConfigurationList section */
		4740701328D6B3D800664EEE /* Build configuration list for PBXProject "UI-671" */ = {
			isa = XCConfigurationList;
			buildConfigurations = (
				4740703A28D6B3D900664EEE /* Debug */,
				4740703B28D6B3D900664EEE /* Release */,
			);
			defaultConfigurationIsVisible = 0;
			defaultConfigurationName = Release;
		};
		4740703C28D6B3D900664EEE /* Build configuration list for PBXNativeTarget "UI-671" */ = {
			isa = XCConfigurationList;
			buildConfigurations = (
				4740703D28D6B3D900664EEE /* Debug */,
				4740703E28D6B3D900664EEE /* Release */,
			);
			defaultConfigurationIsVisible = 0;
			defaultConfigurationName = Release;
		};
		4740703F28D6B3D900664EEE /* Build configuration list for PBXNativeTarget "UI-671Tests" */ = {
			isa = XCConfigurationList;
			buildConfigurations = (
				4740704028D6B3D900664EEE /* Debug */,
				4740704128D6B3D900664EEE /* Release */,
			);
			defaultConfigurationIsVisible = 0;
			defaultConfigurationName = Release;
		};
		4740704228D6B3D900664EEE /* Build configuration list for PBXNativeTarget "UI-671UITests" */ = {
			isa = XCConfigurationList;
			buildConfigurations = (
				4740704328D6B3D900664EEE /* Debug */,
				4740704428D6B3D900664EEE /* Release */,
			);
			defaultConfigurationIsVisible = 0;
			defaultConfigurationName = Release;
		};
/* End XCConfigurationList section */
	};
	rootObject = 4740701028D6B3D800664EEE /* Project object */;
}
